
Microsoft Visual Studio Solution File, Format Version 12.00
# Visual Studio Version 17
VisualStudioVersion = 17.3.32825.248
MinimumVisualStudioVersion = 10.0.40219.1
Project("{9A19103F-16F7-4668-BE54-9A1E7A4F7556}") = "SEP.WebShop", "SEP.Webshop\SEP.WebShop.csproj", "{82C6586A-4721-4E04-9EEC-3AE680F8B831}"
EndProject
Project("{9A19103F-16F7-4668-BE54-9A1E7A4F7556}") = "SEP.PSP", "SEP.PSP\SEP.PSP.csproj", "{E1AE52E3-AF14-4310-97C0-2ED9D13868A4}"
EndProject
Project("{9A19103F-16F7-4668-BE54-9A1E7A4F7556}") = "SEP.Gateway", "SEP.Gateway\SEP.Gateway.csproj", "{2076736E-996E-494B-A019-1157F0789F3C}"
EndProject
Project("{9A19103F-16F7-4668-BE54-9A1E7A4F7556}") = "SEP.PayPal", "SEP.PayPal\SEP.PayPal.csproj", "{6B8BA190-F2D7-42A5-9793-F30BA3005074}"
EndProject
Project("{9A19103F-16F7-4668-BE54-9A1E7A4F7556}") = "SEP.Common", "SEP.Common\SEP.Common.csproj", "{F87A8091-C10C-4AD0-AE03-73FB68440AC7}"
EndProject
Project("{2150E333-8FDC-42A3-9474-1A3956D46DE8}") = "WebShop", "WebShop", "{50CF039F-0E82-4621-9161-765171EFDDA4}"
EndProject
Project("{9A19103F-16F7-4668-BE54-9A1E7A4F7556}") = "SEP.WebShop.Core", "WebShop\SEP.WebShop.Core\SEP.WebShop.Core.csproj", "{18A899B7-4522-4769-92B3-D214EEF0B622}"
EndProject
Project("{FAE04EC0-301F-11D3-BF4B-00C04F79EFBC}") = "SEP.WebShop.Persistence", "WebShop\SEP.WebShop.Persistence\SEP.WebShop.Persistence.csproj", "{BF3C5A71-66F2-4A92-9EEA-27FD41E7120E}"
EndProject
Project("{FAE04EC0-301F-11D3-BF4B-00C04F79EFBC}") = "SEP.WebShop.Web", "WebShop\SEP.WebShop.Web\SEP.WebShop.Web.csproj", "{853DAD4C-BF5A-4635-80C2-5667EC4E2122}"
EndProject
Project("{9A19103F-16F7-4668-BE54-9A1E7A4F7556}") = "SEP.Authorization", "SEP.Authentication\SEP.Authorization.csproj", "{B1FDCC4B-C5D8-4D84-9D06-00D893244F14}"
EndProject
Global
	GlobalSection(SolutionConfigurationPlatforms) = preSolution
		Debug|Any CPU = Debug|Any CPU
		Release|Any CPU = Release|Any CPU
	EndGlobalSection
	GlobalSection(ProjectConfigurationPlatforms) = postSolution
		{82C6586A-4721-4E04-9EEC-3AE680F8B831}.Debug|Any CPU.ActiveCfg = Debug|Any CPU
		{82C6586A-4721-4E04-9EEC-3AE680F8B831}.Debug|Any CPU.Build.0 = Debug|Any CPU
		{82C6586A-4721-4E04-9EEC-3AE680F8B831}.Release|Any CPU.ActiveCfg = Release|Any CPU
		{82C6586A-4721-4E04-9EEC-3AE680F8B831}.Release|Any CPU.Build.0 = Release|Any CPU
		{E1AE52E3-AF14-4310-97C0-2ED9D13868A4}.Debug|Any CPU.ActiveCfg = Debug|Any CPU
		{E1AE52E3-AF14-4310-97C0-2ED9D13868A4}.Debug|Any CPU.Build.0 = Debug|Any CPU
		{E1AE52E3-AF14-4310-97C0-2ED9D13868A4}.Release|Any CPU.ActiveCfg = Release|Any CPU
		{E1AE52E3-AF14-4310-97C0-2ED9D13868A4}.Release|Any CPU.Build.0 = Release|Any CPU
		{2076736E-996E-494B-A019-1157F0789F3C}.Debug|Any CPU.ActiveCfg = Debug|Any CPU
		{2076736E-996E-494B-A019-1157F0789F3C}.Debug|Any CPU.Build.0 = Debug|Any CPU
		{2076736E-996E-494B-A019-1157F0789F3C}.Release|Any CPU.ActiveCfg = Release|Any CPU
		{2076736E-996E-494B-A019-1157F0789F3C}.Release|Any CPU.Build.0 = Release|Any CPU
		{6B8BA190-F2D7-42A5-9793-F30BA3005074}.Debug|Any CPU.ActiveCfg = Debug|Any CPU
		{6B8BA190-F2D7-42A5-9793-F30BA3005074}.Debug|Any CPU.Build.0 = Debug|Any CPU
		{6B8BA190-F2D7-42A5-9793-F30BA3005074}.Release|Any CPU.ActiveCfg = Release|Any CPU
		{6B8BA190-F2D7-42A5-9793-F30BA3005074}.Release|Any CPU.Build.0 = Release|Any CPU
		{F87A8091-C10C-4AD0-AE03-73FB68440AC7}.Debug|Any CPU.ActiveCfg = Debug|Any CPU
		{F87A8091-C10C-4AD0-AE03-73FB68440AC7}.Debug|Any CPU.Build.0 = Debug|Any CPU
		{F87A8091-C10C-4AD0-AE03-73FB68440AC7}.Release|Any CPU.ActiveCfg = Release|Any CPU
		{F87A8091-C10C-4AD0-AE03-73FB68440AC7}.Release|Any CPU.Build.0 = Release|Any CPU
		{18A899B7-4522-4769-92B3-D214EEF0B622}.Debug|Any CPU.ActiveCfg = Debug|Any CPU
		{18A899B7-4522-4769-92B3-D214EEF0B622}.Debug|Any CPU.Build.0 = Debug|Any CPU
		{18A899B7-4522-4769-92B3-D214EEF0B622}.Release|Any CPU.ActiveCfg = Release|Any CPU
		{18A899B7-4522-4769-92B3-D214EEF0B622}.Release|Any CPU.Build.0 = Release|Any CPU
		{BF3C5A71-66F2-4A92-9EEA-27FD41E7120E}.Debug|Any CPU.ActiveCfg = Debug|Any CPU
		{BF3C5A71-66F2-4A92-9EEA-27FD41E7120E}.Debug|Any CPU.Build.0 = Debug|Any CPU
		{BF3C5A71-66F2-4A92-9EEA-27FD41E7120E}.Release|Any CPU.ActiveCfg = Release|Any CPU
		{BF3C5A71-66F2-4A92-9EEA-27FD41E7120E}.Release|Any CPU.Build.0 = Release|Any CPU
		{853DAD4C-BF5A-4635-80C2-5667EC4E2122}.Debug|Any CPU.ActiveCfg = Debug|Any CPU
		{853DAD4C-BF5A-4635-80C2-5667EC4E2122}.Debug|Any CPU.Build.0 = Debug|Any CPU
		{853DAD4C-BF5A-4635-80C2-5667EC4E2122}.Release|Any CPU.ActiveCfg = Release|Any CPU
		{853DAD4C-BF5A-4635-80C2-5667EC4E2122}.Release|Any CPU.Build.0 = Release|Any CPU
		{B1FDCC4B-C5D8-4D84-9D06-00D893244F14}.Debug|Any CPU.ActiveCfg = Debug|Any CPU
		{B1FDCC4B-C5D8-4D84-9D06-00D893244F14}.Debug|Any CPU.Build.0 = Debug|Any CPU
		{B1FDCC4B-C5D8-4D84-9D06-00D893244F14}.Release|Any CPU.ActiveCfg = Release|Any CPU
		{B1FDCC4B-C5D8-4D84-9D06-00D893244F14}.Release|Any CPU.Build.0 = Release|Any CPU
	EndGlobalSection
	GlobalSection(SolutionProperties) = preSolution
		HideSolutionNode = FALSE
	EndGlobalSection
	GlobalSection(NestedProjects) = preSolution
		{18A899B7-4522-4769-92B3-D214EEF0B622} = {50CF039F-0E82-4621-9161-765171EFDDA4}
		{BF3C5A71-66F2-4A92-9EEA-27FD41E7120E} = {50CF039F-0E82-4621-9161-765171EFDDA4}
		{853DAD4C-BF5A-4635-80C2-5667EC4E2122} = {50CF039F-0E82-4621-9161-765171EFDDA4}
	EndGlobalSection
	GlobalSection(ExtensibilityGlobals) = postSolution
		SolutionGuid = {2651C923-2C4D-4321-B99E-45F33AE88C2B}
	EndGlobalSection
EndGlobal
